
Microsoft Visual Studio Solution File, Format Version 12.00
# Visual Studio Version 16
VisualStudioVersion = 16.0.31613.86
MinimumVisualStudioVersion = 10.0.40219.1
Project("{8BC9CEB8-8B4A-11D0-8D11-00A0C91BC942}") = "Assignment12-PriorityQueue", "Assignment12-PriorityQueue.vcxproj", "{0CF03997-2E25-4744-BF58-14531AB9AEEC}"
EndProject
Global
	GlobalSection(SolutionConfigurationPlatforms) = preSolution
		Debug|x64 = Debug|x64
		Debug|x86 = Debug|x86
		Release|x64 = Release|x64
		Release|x86 = Release|x86
	EndGlobalSection
	GlobalSection(ProjectConfigurationPlatforms) = postSolution
		{0CF03997-2E25-4744-BF58-14531AB9AEEC}.Debug|x64.ActiveCfg = Debug|x64
		{0CF03997-2E25-4744-BF58-14531AB9AEEC}.Debug|x64.Build.0 = Debug|x64
		{0CF03997-2E25-4744-BF58-14531AB9AEEC}.Debug|x86.ActiveCfg = Debug|Win32
		{0CF03997-2E25-4744-BF58-14531AB9AEEC}.Debug|x86.Build.0 = Debug|Win32
		{0CF03997-2E25-4744-BF58-14531AB9AEEC}.Release|x64.ActiveCfg = Release|x64
		{0CF03997-2E25-4744-BF58-14531AB9AEEC}.Release|x64.Build.0 = Release|x64
		{0CF03997-2E25-4744-BF58-14531AB9AEEC}.Release|x86.ActiveCfg = Release|Win32
		{0CF03997-2E25-4744-BF58-14531AB9AEEC}.Release|x86.Build.0 = Release|Win32
	EndGlobalSection
	GlobalSection(SolutionProperties) = preSolution
		HideSolutionNode = FALSE
	EndGlobalSection
	GlobalSection(ExtensibilityGlobals) = postSolution
		SolutionGuid = {8ED669F8-92BF-44D1-A120-F28585AC0BAC}
	EndGlobalSection
EndGlobal
